{
  "name": "fastify-warmup",
  "version": "1.0.0",
  "lockfileVersion": 2,
  "requires": true,
  "packages": {
    "": {
      "version": "1.0.0",
      "license": "ISC",
      "devDependencies": {
        "@types/node": "^14.14.37",
        "fastify": "^3.14.2"
      }
    },
    "node_modules/@fastify/forwarded": {
      "version": "1.0.0",
      "resolved": "http://registry.npm.baidu-int.com/@fastify%2fforwarded/-/forwarded-1.0.0.tgz",
      "integrity": "sha1-zEo7wfAoVuVuZ9bWVQJujYwudCk=",
      "dev": true,
      "engines": {
        "node": ">= 10"
      }
    },
    "node_modules/@fastify/proxy-addr": {
      "version": "3.0.0",
      "resolved": "http://registry.npm.baidu-int.com/@fastify%2fproxy-addr/-/proxy-addr-3.0.0.tgz",
      "integrity": "sha1-fTu2R0oBsgYBAykpH07favivWC0=",
      "dev": true,
      "dependencies": {
        "@fastify/forwarded": "^1.0.0",
        "ipaddr.js": "^2.0.0"
      }
    },
    "node_modules/@types/node": {
      "version": "14.14.37",
      "resolved": "http://registry.npm.baidu-int.com/@types%2fnode/-/node-14.14.37.tgz",
      "integrity": "sha1-o92NpOuEqZbDbjMd+Y2Cq9drUW4=",
      "dev": true
    },
    "node_modules/abstract-logging": {
      "version": "2.0.1",
      "resolved": "http://registry.npm.baidu-int.com/abstract-logging/-/abstract-logging-2.0.1.tgz",
      "integrity": "sha1-aww3HfIS23EptX0uf88oK4vxyDk=",
      "dev": true
    },
    "node_modules/ajv": {
      "version": "6.12.6",
      "resolved": "http://registry.npm.baidu-int.com/ajv/-/ajv-6.12.6.tgz",
      "integrity": "sha1-uvWmLoArB9l3A0WG+MO69a3ybfQ=",
      "dev": true,
      "dependencies": {
        "fast-deep-equal": "^3.1.1",
        "fast-json-stable-stringify": "^2.0.0",
        "json-schema-traverse": "^0.4.1",
        "uri-js": "^4.2.2"
      }
    },
    "node_modules/archy": {
      "version": "1.0.0",
      "resolved": "http://registry.npm.baidu-int.com/archy/-/archy-1.0.0.tgz",
      "integrity": "sha1-+cjBN1fMHde8N5rHeyxipcKGjEA=",
      "dev": true
    },
    "node_modules/atomic-sleep": {
      "version": "1.0.0",
      "resolved": "http://registry.npm.baidu-int.com/atomic-sleep/-/atomic-sleep-1.0.0.tgz",
      "integrity": "sha1-64W3emAfyTLP5DLFrNNkqeLJB1s=",
      "dev": true,
      "engines": {
        "node": ">=8.0.0"
      }
    },
    "node_modules/avvio": {
      "version": "7.2.1",
      "resolved": "http://registry.npm.baidu-int.com/avvio/-/avvio-7.2.1.tgz",
      "integrity": "sha1-0jI7vr/jCBieWkE4beg0zj+70vg=",
      "dev": true,
      "dependencies": {
        "archy": "^1.0.0",
        "debug": "^4.0.0",
        "fastq": "^1.6.1",
        "queue-microtask": "^1.1.2"
      }
    },
    "node_modules/cookie": {
      "version": "0.4.1",
      "resolved": "http://registry.npm.baidu-int.com/cookie/-/cookie-0.4.1.tgz",
      "integrity": "sha1-r9cT/ibr0hupXOth+agRblClN9E=",
      "dev": true,
      "engines": {
        "node": ">= 0.6"
      }
    },
    "node_modules/debug": {
      "version": "4.3.1",
      "resolved": "http://registry.npm.baidu-int.com/debug/-/debug-4.3.1.tgz",
      "integrity": "sha1-8NIpxQXgxtjEmsVT0bE9wYP2su4=",
      "dev": true,
      "dependencies": {
        "ms": "2.1.2"
      },
      "engines": {
        "node": ">=6.0"
      }
    },
    "node_modules/deepmerge": {
      "version": "4.2.2",
      "resolved": "http://registry.npm.baidu-int.com/deepmerge/-/deepmerge-4.2.2.tgz",
      "integrity": "sha512-FJ3UgI4gIl+PHZm53knsuSFpE+nESMr7M4v9QcgB7S63Kj/6WqMiFQJpBBYz1Pt+66bZpP3Q7Lye0Oo9MPKEdg==",
      "dev": true,
      "engines": {
        "node": ">=0.10.0"
      }
    },
    "node_modules/fast-decode-uri-component": {
      "version": "1.0.1",
      "resolved": "http://registry.npm.baidu-int.com/fast-decode-uri-component/-/fast-decode-uri-component-1.0.1.tgz",
      "integrity": "sha1-Rvi2wisw/3qBNX1PWav66TggJUM=",
      "dev": true
    },
    "node_modules/fast-deep-equal": {
      "version": "3.1.3",
      "resolved": "http://registry.npm.baidu-int.com/fast-deep-equal/-/fast-deep-equal-3.1.3.tgz",
      "integrity": "sha1-On1WtVnWy8PrUSMlJE5hmmXGxSU=",
      "dev": true
    },
    "node_modules/fast-json-stable-stringify": {
      "version": "2.1.0",
      "resolved": "http://registry.npm.baidu-int.com/fast-json-stable-stringify/-/fast-json-stable-stringify-2.1.0.tgz",
      "integrity": "sha1-h0v2nG9ATCtdmcSBNBOZ/VWJJjM=",
      "dev": true
    },
    "node_modules/fast-json-stringify": {
      "version": "2.5.4",
      "resolved": "http://registry.npm.baidu-int.com/fast-json-stringify/-/fast-json-stringify-2.5.4.tgz",
      "integrity": "sha1-rwpCkm4Myu45F3W/8gcRw+CfD+s=",
      "dev": true,
      "dependencies": {
        "ajv": "^6.11.0",
        "deepmerge": "^4.2.2",
        "rfdc": "^1.2.0",
        "string-similarity": "^4.0.1"
      },
      "engines": {
        "node": ">= 10.0.0"
      }
    },
    "node_modules/fast-redact": {
      "version": "3.0.0",
      "resolved": "http://registry.npm.baidu-int.com/fast-redact/-/fast-redact-3.0.0.tgz",
      "integrity": "sha1-rC+eNsn0l29dufsYxv+68wjPMW0=",
      "dev": true,
      "engines": {
        "node": ">=6"
      }
    },
    "node_modules/fast-safe-stringify": {
      "version": "2.0.7",
      "resolved": "http://registry.npm.baidu-int.com/fast-safe-stringify/-/fast-safe-stringify-2.0.7.tgz",
      "integrity": "sha512-Utm6CdzT+6xsDk2m8S6uL8VHxNwI6Jub+e9NYTcAms28T84pTa25GJQV9j0CY0N1rM8hK4x6grpF2BQf+2qwVA==",
      "dev": true
    },
    "node_modules/fastify": {
      "version": "3.14.2",
      "resolved": "http://registry.npm.baidu-int.com/fastify/-/fastify-3.14.2.tgz",
      "integrity": "sha1-E2yAq1qBHi9E7zYcHhmGyKMdboM=",
      "dev": true,
      "dependencies": {
        "@fastify/proxy-addr": "^3.0.0",
        "abstract-logging": "^2.0.0",
        "ajv": "^6.12.2",
        "avvio": "^7.1.2",
        "fast-json-stringify": "^2.5.2",
        "fastify-error": "^0.3.0",
        "fastify-warning": "^0.2.0",
        "find-my-way": "^4.0.0",
        "flatstr": "^1.0.12",
        "light-my-request": "^4.2.0",
        "pino": "^6.2.1",
        "readable-stream": "^3.4.0",
        "rfdc": "^1.1.4",
        "secure-json-parse": "^2.0.0",
        "semver": "^7.3.2",
        "tiny-lru": "^7.0.0"
      },
      "engines": {
        "node": ">=10.16.0"
      }
    },
    "node_modules/fastify-error": {
      "version": "0.3.0",
      "resolved": "http://registry.npm.baidu-int.com/fastify-error/-/fastify-error-0.3.0.tgz",
      "integrity": "sha1-CIZjI9UhFWN1qL58f8r5jflG+vs=",
      "dev": true
    },
    "node_modules/fastify-warning": {
      "version": "0.2.0",
      "resolved": "http://registry.npm.baidu-int.com/fastify-warning/-/fastify-warning-0.2.0.tgz",
      "integrity": "sha1-5xd3YCakST3Jor76RNttF/YYAI8=",
      "dev": true
    },
    "node_modules/fastq": {
      "version": "1.11.0",
      "resolved": "http://registry.npm.baidu-int.com/fastq/-/fastq-1.11.0.tgz",
      "integrity": "sha1-u5+5VaBxMKkY62PB9RYcwypdCFg=",
      "dev": true,
      "dependencies": {
        "reusify": "^1.0.4"
      }
    },
    "node_modules/find-my-way": {
      "version": "4.1.0",
      "resolved": "http://registry.npm.baidu-int.com/find-my-way/-/find-my-way-4.1.0.tgz",
      "integrity": "sha1-5wqhCzZwzIvpbrJRNXcFZE6lCHs=",
      "dev": true,
      "dependencies": {
        "fast-decode-uri-component": "^1.0.1",
        "fast-deep-equal": "^3.1.3",
        "safe-regex2": "^2.0.0",
        "semver-store": "^0.3.0"
      },
      "engines": {
        "node": ">=10"
      }
    },
    "node_modules/flatstr": {
      "version": "1.0.12",
      "resolved": "http://registry.npm.baidu-int.com/flatstr/-/flatstr-1.0.12.tgz",
      "integrity": "sha1-wrpqCBc+27bJZA4wVbleKHzrWTE=",
      "dev": true
    },
    "node_modules/inherits": {
      "version": "2.0.4",
      "resolved": "http://registry.npm.baidu-int.com/inherits/-/inherits-2.0.4.tgz",
      "integrity": "sha512-k/vGaX4/Yla3WzyMCvTQOXYeIHvqOKtnqBduzTHpzpQZzAskKMhZ2K+EnBiSM9zGSoIFeMpXKxa4dYeZIQqewQ==",
      "dev": true
    },
    "node_modules/ipaddr.js": {
      "version": "2.0.0",
      "resolved": "http://registry.npm.baidu-int.com/ipaddr.js/-/ipaddr.js-2.0.0.tgz",
      "integrity": "sha1-d8zMyAY65xq2XFXyGwkGmOdj/G4=",
      "dev": true,
      "engines": {
        "node": ">= 10"
      }
    },
    "node_modules/json-schema-traverse": {
      "version": "0.4.1",
      "resolved": "http://registry.npm.baidu-int.com/json-schema-traverse/-/json-schema-traverse-0.4.1.tgz",
      "integrity": "sha512-xbbCH5dCYU5T8LcEhhuh7HJ88HXuW3qsI3Y0zOZFKfZEHcpWiHU/Jxzk629Brsab/mMiHQti9wMP+845RPe3Vg==",
      "dev": true
    },
    "node_modules/light-my-request": {
      "version": "4.4.1",
      "resolved": "http://registry.npm.baidu-int.com/light-my-request/-/light-my-request-4.4.1.tgz",
      "integrity": "sha1-v6IiAxbu9PZGW/LwZneA2mt/anE=",
      "dev": true,
      "dependencies": {
        "ajv": "^6.12.2",
        "cookie": "^0.4.0",
        "fastify-warning": "^0.2.0",
        "readable-stream": "^3.6.0",
        "set-cookie-parser": "^2.4.1"
      }
    },
    "node_modules/lru-cache": {
      "version": "6.0.0",
      "resolved": "http://registry.npm.baidu-int.com/lru-cache/-/lru-cache-6.0.0.tgz",
      "integrity": "sha1-bW/mVw69lqr5D8rR2vo7JWbbOpQ=",
      "dev": true,
      "dependencies": {
        "yallist": "^4.0.0"
      },
      "engines": {
        "node": ">=10"
      }
    },
    "node_modules/ms": {
      "version": "2.1.2",
      "resolved": "http://registry.npm.baidu-int.com/ms/-/ms-2.1.2.tgz",
      "integrity": "sha512-sGkPx+VjMtmA6MX27oA4FBFELFCZZ4S4XqeGOXCv68tT+jb3vk/RyaKWP0PTKyWtmLSM0b+adUTEvbs1PEaH2w==",
      "dev": true
    },
    "node_modules/pino": {
      "version": "6.11.2",
      "resolved": "http://registry.npm.baidu-int.com/pino/-/pino-6.11.2.tgz",
      "integrity": "sha1-Lz0RnFJmUaq07D0oCER4XVLQtpA=",
      "dev": true,
      "dependencies": {
        "fast-redact": "^3.0.0",
        "fast-safe-stringify": "^2.0.7",
        "flatstr": "^1.0.12",
        "pino-std-serializers": "^3.1.0",
        "quick-format-unescaped": "4.0.1",
        "sonic-boom": "^1.0.2"
      },
      "bin": {
        "pino": "bin.js"
      }
    },
    "node_modules/pino-std-serializers": {
      "version": "3.2.0",
      "resolved": "http://registry.npm.baidu-int.com/pino-std-serializers/-/pino-std-serializers-3.2.0.tgz",
      "integrity": "sha1-tWSHxALYguuWzWfCV4aAFrYa1nE=",
      "dev": true
    },
    "node_modules/punycode": {
      "version": "2.1.1",
      "resolved": "http://registry.npm.baidu-int.com/punycode/-/punycode-2.1.1.tgz",
      "integrity": "sha512-XRsRjdf+j5ml+y/6GKHPZbrF/8p2Yga0JPtdqTIY2Xe5ohJPD9saDJJLPvp9+NSBprVvevdXZybnj2cv8OEd0A==",
      "dev": true,
      "engines": {
        "node": ">=6"
      }
    },
    "node_modules/queue-microtask": {
      "version": "1.2.3",
      "resolved": "http://registry.npm.baidu-int.com/queue-microtask/-/queue-microtask-1.2.3.tgz",
      "integrity": "sha1-SSkii7xyTfrEPg77BYyve2z7YkM=",
      "dev": true
    },
    "node_modules/quick-format-unescaped": {
      "version": "4.0.1",
      "resolved": "http://registry.npm.baidu-int.com/quick-format-unescaped/-/quick-format-unescaped-4.0.1.tgz",
      "integrity": "sha1-Q3peoaC2Het2Bfirao/ThY2+twE=",
      "dev": true
    },
    "node_modules/readable-stream": {
      "version": "3.6.0",
      "resolved": "http://registry.npm.baidu-int.com/readable-stream/-/readable-stream-3.6.0.tgz",
      "integrity": "sha1-M3u9o63AcGvT4CRCaihtS0sskZg=",
      "dev": true,
      "dependencies": {
        "inherits": "^2.0.3",
        "string_decoder": "^1.1.1",
        "util-deprecate": "^1.0.1"
      },
      "engines": {
        "node": ">= 6"
      }
    },
    "node_modules/ret": {
      "version": "0.2.2",
      "resolved": "http://registry.npm.baidu-int.com/ret/-/ret-0.2.2.tgz",
      "integrity": "sha1-toYXgqH0di3OQ0Aqcet6KD9EVzw=",
      "dev": true,
      "engines": {
        "node": ">=4"
      }
    },
    "node_modules/reusify": {
      "version": "1.0.4",
      "resolved": "http://registry.npm.baidu-int.com/reusify/-/reusify-1.0.4.tgz",
      "integrity": "sha512-U9nH88a3fc/ekCF1l0/UP1IosiuIjyTh7hBvXVMHYgVcfGvt897Xguj2UOLDeI5BG2m7/uwyaLVT6fbtCwTyzw==",
      "dev": true,
      "engines": {
        "iojs": ">=1.0.0",
        "node": ">=0.10.0"
      }
    },
    "node_modules/rfdc": {
      "version": "1.3.0",
      "resolved": "http://registry.npm.baidu-int.com/rfdc/-/rfdc-1.3.0.tgz",
      "integrity": "sha1-0LfEQasnINBdxM8m4ByJYx2doIs=",
      "dev": true
    },
    "node_modules/safe-buffer": {
      "version": "5.2.1",
      "resolved": "http://registry.npm.baidu-int.com/safe-buffer/-/safe-buffer-5.2.1.tgz",
      "integrity": "sha1-Hq+fqb2x/dTsdfWPnNtOa3gn7sY=",
      "dev": true
    },
    "node_modules/safe-regex2": {
      "version": "2.0.0",
      "resolved": "http://registry.npm.baidu-int.com/safe-regex2/-/safe-regex2-2.0.0.tgz",
      "integrity": "sha1-sodSTDl8eimURwNn4BheGRax9bk=",
      "dev": true,
      "dependencies": {
        "ret": "~0.2.0"
      }
    },
    "node_modules/secure-json-parse": {
      "version": "2.4.0",
      "resolved": "http://registry.npm.baidu-int.com/secure-json-parse/-/secure-json-parse-2.4.0.tgz",
      "integrity": "sha1-Wq6q74XHpBf3YnGk9bDMMxXdyoU=",
      "dev": true
    },
    "node_modules/semver": {
      "version": "7.3.5",
      "resolved": "http://registry.npm.baidu-int.com/semver/-/semver-7.3.5.tgz",
      "integrity": "sha1-C2Ich5NI2JmOSw5L6Us/EuYBjvc=",
      "dev": true,
      "dependencies": {
        "lru-cache": "^6.0.0"
      },
      "bin": {
        "semver": "bin/semver.js"
      },
      "engines": {
        "node": ">=10"
      }
    },
    "node_modules/semver-store": {
      "version": "0.3.0",
      "resolved": "http://registry.npm.baidu-int.com/semver-store/-/semver-store-0.3.0.tgz",
      "integrity": "sha512-TcZvGMMy9vodEFSse30lWinkj+JgOBvPn8wRItpQRSayhc+4ssDs335uklkfvQQJgL/WvmHLVj4Ycv2s7QCQMg==",
      "dev": true
    },
    "node_modules/set-cookie-parser": {
      "version": "2.4.8",
      "resolved": "http://registry.npm.baidu-int.com/set-cookie-parser/-/set-cookie-parser-2.4.8.tgz",
      "integrity": "sha1-0NoO04i8jyTnBqOR+cniUqE8WLI=",
      "dev": true
    },
    "node_modules/sonic-boom": {
      "version": "1.4.1",
      "resolved": "http://registry.npm.baidu-int.com/sonic-boom/-/sonic-boom-1.4.1.tgz",
      "integrity": "sha1-011qdAdmJPEub5F63nuddekY9T4=",
      "dev": true,
      "dependencies": {
        "atomic-sleep": "^1.0.0",
        "flatstr": "^1.0.12"
      }
    },
    "node_modules/string_decoder": {
      "version": "1.3.0",
      "resolved": "http://registry.npm.baidu-int.com/string_decoder/-/string_decoder-1.3.0.tgz",
      "integrity": "sha512-hkRX8U1WjJFd8LsDJ2yQ/wWWxaopEsABU1XfkM8A+j0+85JAGppt16cr1Whg6KIbb4okU6Mql6BOj+uup/wKeA==",
      "dev": true,
      "dependencies": {
        "safe-buffer": "~5.2.0"
      }
    },
    "node_modules/string-similarity": {
      "version": "4.0.4",
      "resolved": "http://registry.npm.baidu-int.com/string-similarity/-/string-similarity-4.0.4.tgz",
      "integrity": "sha1-QtAasLNGYOqKAY2o9WozCbuLKls=",
      "dev": true
    },
    "node_modules/tiny-lru": {
      "version": "7.0.6",
      "resolved": "http://registry.npm.baidu-int.com/tiny-lru/-/tiny-lru-7.0.6.tgz",
      "integrity": "sha1-sMPN7eHliCqi0a4hyyzszyozHyQ=",
      "dev": true,
      "engines": {
        "node": ">=6"
      }
    },
    "node_modules/uri-js": {
      "version": "4.4.1",
      "resolved": "http://registry.npm.baidu-int.com/uri-js/-/uri-js-4.4.1.tgz",
      "integrity": "sha1-mxpSWVIlhZ5V9mnZKPiMbFfyp34=",
      "dev": true,
      "dependencies": {
        "punycode": "^2.1.0"
      }
    },
    "node_modules/util-deprecate": {
      "version": "1.0.2",
      "resolved": "http://registry.npm.baidu-int.com/util-deprecate/-/util-deprecate-1.0.2.tgz",
      "integrity": "sha1-RQ1Nyfpw3nMnYvvS1KKJgUGaDM8=",
      "dev": true
    },
    "node_modules/yallist": {
      "version": "4.0.0",
      "resolved": "http://registry.npm.baidu-int.com/yallist/-/yallist-4.0.0.tgz",
      "integrity": "sha512-3wdGidZyq5PB084XLES5TpOSRA3wjXAlIWMhum2kRcv/41Sn2emQ0dycQW4uZXLejwKvg6EsvbdlVL+FYEct7A==",
      "dev": true
    }
  },
  "dependencies": {
    "@fastify/forwarded": {
      "version": "1.0.0",
      "resolved": "http://registry.npm.baidu-int.com/@fastify%2fforwarded/-/forwarded-1.0.0.tgz",
      "integrity": "sha1-zEo7wfAoVuVuZ9bWVQJujYwudCk=",
      "dev": true
    },
    "@fastify/proxy-addr": {
      "version": "3.0.0",
      "resolved": "http://registry.npm.baidu-int.com/@fastify%2fproxy-addr/-/proxy-addr-3.0.0.tgz",
      "integrity": "sha1-fTu2R0oBsgYBAykpH07favivWC0=",
      "dev": true,
      "requires": {
        "@fastify/forwarded": "^1.0.0",
        "ipaddr.js": "^2.0.0"
      }
    },
    "@types/node": {
      "version": "14.14.37",
      "resolved": "http://registry.npm.baidu-int.com/@types%2fnode/-/node-14.14.37.tgz",
      "integrity": "sha1-o92NpOuEqZbDbjMd+Y2Cq9drUW4=",
      "dev": true
    },
    "abstract-logging": {
      "version": "2.0.1",
      "resolved": "http://registry.npm.baidu-int.com/abstract-logging/-/abstract-logging-2.0.1.tgz",
      "integrity": "sha1-aww3HfIS23EptX0uf88oK4vxyDk=",
      "dev": true
    },
    "ajv": {
      "version": "6.12.6",
      "resolved": "http://registry.npm.baidu-int.com/ajv/-/ajv-6.12.6.tgz",
      "integrity": "sha1-uvWmLoArB9l3A0WG+MO69a3ybfQ=",
      "dev": true,
      "requires": {
        "fast-deep-equal": "^3.1.1",
        "fast-json-stable-stringify": "^2.0.0",
        "json-schema-traverse": "^0.4.1",
        "uri-js": "^4.2.2"
      }
    },
    "archy": {
      "version": "1.0.0",
      "resolved": "http://registry.npm.baidu-int.com/archy/-/archy-1.0.0.tgz",
      "integrity": "sha1-+cjBN1fMHde8N5rHeyxipcKGjEA=",
      "dev": true
    },
    "atomic-sleep": {
      "version": "1.0.0",
      "resolved": "http://registry.npm.baidu-int.com/atomic-sleep/-/atomic-sleep-1.0.0.tgz",
      "integrity": "sha1-64W3emAfyTLP5DLFrNNkqeLJB1s=",
      "dev": true
    },
    "avvio": {
      "version": "7.2.1",
      "resolved": "http://registry.npm.baidu-int.com/avvio/-/avvio-7.2.1.tgz",
      "integrity": "sha1-0jI7vr/jCBieWkE4beg0zj+70vg=",
      "dev": true,
      "requires": {
        "archy": "^1.0.0",
        "debug": "^4.0.0",
        "fastq": "^1.6.1",
        "queue-microtask": "^1.1.2"
      }
    },
    "cookie": {
      "version": "0.4.1",
      "resolved": "http://registry.npm.baidu-int.com/cookie/-/cookie-0.4.1.tgz",
      "integrity": "sha1-r9cT/ibr0hupXOth+agRblClN9E=",
      "dev": true
    },
    "debug": {
      "version": "4.3.1",
      "resolved": "http://registry.npm.baidu-int.com/debug/-/debug-4.3.1.tgz",
      "integrity": "sha1-8NIpxQXgxtjEmsVT0bE9wYP2su4=",
      "dev": true,
      "requires": {
        "ms": "2.1.2"
      }
    },
    "deepmerge": {
      "version": "4.2.2",
      "resolved": "http://registry.npm.baidu-int.com/deepmerge/-/deepmerge-4.2.2.tgz",
      "integrity": "sha512-FJ3UgI4gIl+PHZm53knsuSFpE+nESMr7M4v9QcgB7S63Kj/6WqMiFQJpBBYz1Pt+66bZpP3Q7Lye0Oo9MPKEdg==",
      "dev": true
    },
    "fast-decode-uri-component": {
      "version": "1.0.1",
      "resolved": "http://registry.npm.baidu-int.com/fast-decode-uri-component/-/fast-decode-uri-component-1.0.1.tgz",
      "integrity": "sha1-Rvi2wisw/3qBNX1PWav66TggJUM=",
      "dev": true
    },
    "fast-deep-equal": {
      "version": "3.1.3",
      "resolved": "http://registry.npm.baidu-int.com/fast-deep-equal/-/fast-deep-equal-3.1.3.tgz",
      "integrity": "sha1-On1WtVnWy8PrUSMlJE5hmmXGxSU=",
      "dev": true
    },
    "fast-json-stable-stringify": {
      "version": "2.1.0",
      "resolved": "http://registry.npm.baidu-int.com/fast-json-stable-stringify/-/fast-json-stable-stringify-2.1.0.tgz",
      "integrity": "sha1-h0v2nG9ATCtdmcSBNBOZ/VWJJjM=",
      "dev": true
    },
    "fast-json-stringify": {
      "version": "2.5.4",
      "resolved": "http://registry.npm.baidu-int.com/fast-json-stringify/-/fast-json-stringify-2.5.4.tgz",
      "integrity": "sha1-rwpCkm4Myu45F3W/8gcRw+CfD+s=",
      "dev": true,
      "requires": {
        "ajv": "^6.11.0",
        "deepmerge": "^4.2.2",
        "rfdc": "^1.2.0",
        "string-similarity": "^4.0.1"
      }
    },
    "fast-redact": {
      "version": "3.0.0",
      "resolved": "http://registry.npm.baidu-int.com/fast-redact/-/fast-redact-3.0.0.tgz",
      "integrity": "sha1-rC+eNsn0l29dufsYxv+68wjPMW0=",
      "dev": true
    },
    "fast-safe-stringify": {
      "version": "2.0.7",
      "resolved": "http://registry.npm.baidu-int.com/fast-safe-stringify/-/fast-safe-stringify-2.0.7.tgz",
      "integrity": "sha512-Utm6CdzT+6xsDk2m8S6uL8VHxNwI6Jub+e9NYTcAms28T84pTa25GJQV9j0CY0N1rM8hK4x6grpF2BQf+2qwVA==",
      "dev": true
    },
    "fastify": {
      "version": "3.14.2",
      "resolved": "http://registry.npm.baidu-int.com/fastify/-/fastify-3.14.2.tgz",
      "integrity": "sha1-E2yAq1qBHi9E7zYcHhmGyKMdboM=",
      "dev": true,
      "requires": {
        "@fastify/proxy-addr": "^3.0.0",
        "abstract-logging": "^2.0.0",
        "ajv": "^6.12.2",
        "avvio": "^7.1.2",
        "fast-json-stringify": "^2.5.2",
        "fastify-error": "^0.3.0",
        "fastify-warning": "^0.2.0",
        "find-my-way": "^4.0.0",
        "flatstr": "^1.0.12",
        "light-my-request": "^4.2.0",
        "pino": "^6.2.1",
        "readable-stream": "^3.4.0",
        "rfdc": "^1.1.4",
        "secure-json-parse": "^2.0.0",
        "semver": "^7.3.2",
        "tiny-lru": "^7.0.0"
      }
    },
    "fastify-error": {
      "version": "0.3.0",
      "resolved": "http://registry.npm.baidu-int.com/fastify-error/-/fastify-error-0.3.0.tgz",
      "integrity": "sha1-CIZjI9UhFWN1qL58f8r5jflG+vs=",
      "dev": true
    },
    "fastify-warning": {
      "version": "0.2.0",
      "resolved": "http://registry.npm.baidu-int.com/fastify-warning/-/fastify-warning-0.2.0.tgz",
      "integrity": "sha1-5xd3YCakST3Jor76RNttF/YYAI8=",
      "dev": true
    },
    "fastq": {
      "version": "1.11.0",
      "resolved": "http://registry.npm.baidu-int.com/fastq/-/fastq-1.11.0.tgz",
      "integrity": "sha1-u5+5VaBxMKkY62PB9RYcwypdCFg=",
      "dev": true,
      "requires": {
        "reusify": "^1.0.4"
      }
    },
    "find-my-way": {
      "version": "4.1.0",
      "resolved": "http://registry.npm.baidu-int.com/find-my-way/-/find-my-way-4.1.0.tgz",
      "integrity": "sha1-5wqhCzZwzIvpbrJRNXcFZE6lCHs=",
      "dev": true,
      "requires": {
        "fast-decode-uri-component": "^1.0.1",
        "fast-deep-equal": "^3.1.3",
        "safe-regex2": "^2.0.0",
        "semver-store": "^0.3.0"
      }
    },
    "flatstr": {
      "version": "1.0.12",
      "resolved": "http://registry.npm.baidu-int.com/flatstr/-/flatstr-1.0.12.tgz",
      "integrity": "sha1-wrpqCBc+27bJZA4wVbleKHzrWTE=",
      "dev": true
    },
    "inherits": {
      "version": "2.0.4",
      "resolved": "http://registry.npm.baidu-int.com/inherits/-/inherits-2.0.4.tgz",
      "integrity": "sha512-k/vGaX4/Yla3WzyMCvTQOXYeIHvqOKtnqBduzTHpzpQZzAskKMhZ2K+EnBiSM9zGSoIFeMpXKxa4dYeZIQqewQ==",
      "dev": true
    },
    "ipaddr.js": {
      "version": "2.0.0",
      "resolved": "http://registry.npm.baidu-int.com/ipaddr.js/-/ipaddr.js-2.0.0.tgz",
      "integrity": "sha1-d8zMyAY65xq2XFXyGwkGmOdj/G4=",
      "dev": true
    },
    "json-schema-traverse": {
      "version": "0.4.1",
      "resolved": "http://registry.npm.baidu-int.com/json-schema-traverse/-/json-schema-traverse-0.4.1.tgz",
      "integrity": "sha512-xbbCH5dCYU5T8LcEhhuh7HJ88HXuW3qsI3Y0zOZFKfZEHcpWiHU/Jxzk629Brsab/mMiHQti9wMP+845RPe3Vg==",
      "dev": true
    },
    "light-my-request": {
      "version": "4.4.1",
      "resolved": "http://registry.npm.baidu-int.com/light-my-request/-/light-my-request-4.4.1.tgz",
      "integrity": "sha1-v6IiAxbu9PZGW/LwZneA2mt/anE=",
      "dev": true,
      "requires": {
        "ajv": "^6.12.2",
        "cookie": "^0.4.0",
        "fastify-warning": "^0.2.0",
        "readable-stream": "^3.6.0",
        "set-cookie-parser": "^2.4.1"
      }
    },
    "lru-cache": {
      "version": "6.0.0",
      "resolved": "http://registry.npm.baidu-int.com/lru-cache/-/lru-cache-6.0.0.tgz",
      "integrity": "sha1-bW/mVw69lqr5D8rR2vo7JWbbOpQ=",
      "dev": true,
      "requires": {
        "yallist": "^4.0.0"
      }
    },
    "ms": {
      "version": "2.1.2",
      "resolved": "http://registry.npm.baidu-int.com/ms/-/ms-2.1.2.tgz",
      "integrity": "sha512-sGkPx+VjMtmA6MX27oA4FBFELFCZZ4S4XqeGOXCv68tT+jb3vk/RyaKWP0PTKyWtmLSM0b+adUTEvbs1PEaH2w==",
      "dev": true
    },
    "pino": {
      "version": "6.11.2",
      "resolved": "http://registry.npm.baidu-int.com/pino/-/pino-6.11.2.tgz",
      "integrity": "sha1-Lz0RnFJmUaq07D0oCER4XVLQtpA=",
      "dev": true,
      "requires": {
        "fast-redact": "^3.0.0",
        "fast-safe-stringify": "^2.0.7",
        "flatstr": "^1.0.12",
        "pino-std-serializers": "^3.1.0",
        "quick-format-unescaped": "4.0.1",
        "sonic-boom": "^1.0.2"
      }
    },
    "pino-std-serializers": {
      "version": "3.2.0",
      "resolved": "http://registry.npm.baidu-int.com/pino-std-serializers/-/pino-std-serializers-3.2.0.tgz",
      "integrity": "sha1-tWSHxALYguuWzWfCV4aAFrYa1nE=",
      "dev": true
    },
    "punycode": {
      "version": "2.1.1",
      "resolved": "http://registry.npm.baidu-int.com/punycode/-/punycode-2.1.1.tgz",
      "integrity": "sha512-XRsRjdf+j5ml+y/6GKHPZbrF/8p2Yga0JPtdqTIY2Xe5ohJPD9saDJJLPvp9+NSBprVvevdXZybnj2cv8OEd0A==",
      "dev": true
    },
    "queue-microtask": {
      "version": "1.2.3",
      "resolved": "http://registry.npm.baidu-int.com/queue-microtask/-/queue-microtask-1.2.3.tgz",
      "integrity": "sha1-SSkii7xyTfrEPg77BYyve2z7YkM=",
      "dev": true
    },
    "quick-format-unescaped": {
      "version": "4.0.1",
      "resolved": "http://registry.npm.baidu-int.com/quick-format-unescaped/-/quick-format-unescaped-4.0.1.tgz",
      "integrity": "sha1-Q3peoaC2Het2Bfirao/ThY2+twE=",
      "dev": true
    },
    "readable-stream": {
      "version": "3.6.0",
      "resolved": "http://registry.npm.baidu-int.com/readable-stream/-/readable-stream-3.6.0.tgz",
      "integrity": "sha1-M3u9o63AcGvT4CRCaihtS0sskZg=",
      "dev": true,
      "requires": {
        "inherits": "^2.0.3",
        "string_decoder": "^1.1.1",
        "util-deprecate": "^1.0.1"
      }
    },
    "ret": {
      "version": "0.2.2",
      "resolved": "http://registry.npm.baidu-int.com/ret/-/ret-0.2.2.tgz",
      "integrity": "sha1-toYXgqH0di3OQ0Aqcet6KD9EVzw=",
      "dev": true
    },
    "reusify": {
      "version": "1.0.4",
      "resolved": "http://registry.npm.baidu-int.com/reusify/-/reusify-1.0.4.tgz",
      "integrity": "sha512-U9nH88a3fc/ekCF1l0/UP1IosiuIjyTh7hBvXVMHYgVcfGvt897Xguj2UOLDeI5BG2m7/uwyaLVT6fbtCwTyzw==",
      "dev": true
    },
    "rfdc": {
      "version": "1.3.0",
      "resolved": "http://registry.npm.baidu-int.com/rfdc/-/rfdc-1.3.0.tgz",
      "integrity": "sha1-0LfEQasnINBdxM8m4ByJYx2doIs=",
      "dev": true
    },
    "safe-buffer": {
      "version": "5.2.1",
      "resolved": "http://registry.npm.baidu-int.com/safe-buffer/-/safe-buffer-5.2.1.tgz",
      "integrity": "sha1-Hq+fqb2x/dTsdfWPnNtOa3gn7sY=",
      "dev": true
    },
    "safe-regex2": {
      "version": "2.0.0",
      "resolved": "http://registry.npm.baidu-int.com/safe-regex2/-/safe-regex2-2.0.0.tgz",
      "integrity": "sha1-sodSTDl8eimURwNn4BheGRax9bk=",
      "dev": true,
      "requires": {
        "ret": "~0.2.0"
      }
    },
    "secure-json-parse": {
      "version": "2.4.0",
      "resolved": "http://registry.npm.baidu-int.com/secure-json-parse/-/secure-json-parse-2.4.0.tgz",
      "integrity": "sha1-Wq6q74XHpBf3YnGk9bDMMxXdyoU=",
      "dev": true
    },
    "semver": {
      "version": "7.3.5",
      "resolved": "http://registry.npm.baidu-int.com/semver/-/semver-7.3.5.tgz",
      "integrity": "sha1-C2Ich5NI2JmOSw5L6Us/EuYBjvc=",
      "dev": true,
      "requires": {
        "lru-cache": "^6.0.0"
      }
    },
    "semver-store": {
      "version": "0.3.0",
      "resolved": "http://registry.npm.baidu-int.com/semver-store/-/semver-store-0.3.0.tgz",
      "integrity": "sha512-TcZvGMMy9vodEFSse30lWinkj+JgOBvPn8wRItpQRSayhc+4ssDs335uklkfvQQJgL/WvmHLVj4Ycv2s7QCQMg==",
      "dev": true
    },
    "set-cookie-parser": {
      "version": "2.4.8",
      "resolved": "http://registry.npm.baidu-int.com/set-cookie-parser/-/set-cookie-parser-2.4.8.tgz",
      "integrity": "sha1-0NoO04i8jyTnBqOR+cniUqE8WLI=",
      "dev": true
    },
    "sonic-boom": {
      "version": "1.4.1",
      "resolved": "http://registry.npm.baidu-int.com/sonic-boom/-/sonic-boom-1.4.1.tgz",
      "integrity": "sha1-011qdAdmJPEub5F63nuddekY9T4=",
      "dev": true,
      "requires": {
        "atomic-sleep": "^1.0.0",
        "flatstr": "^1.0.12"
      }
    },
    "string_decoder": {
      "version": "1.3.0",
      "resolved": "http://registry.npm.baidu-int.com/string_decoder/-/string_decoder-1.3.0.tgz",
      "integrity": "sha512-hkRX8U1WjJFd8LsDJ2yQ/wWWxaopEsABU1XfkM8A+j0+85JAGppt16cr1Whg6KIbb4okU6Mql6BOj+uup/wKeA==",
      "dev": true,
      "requires": {
        "safe-buffer": "~5.2.0"
      }
    },
    "string-similarity": {
      "version": "4.0.4",
      "resolved": "http://registry.npm.baidu-int.com/string-similarity/-/string-similarity-4.0.4.tgz",
      "integrity": "sha1-QtAasLNGYOqKAY2o9WozCbuLKls=",
      "dev": true
    },
    "tiny-lru": {
      "version": "7.0.6",
      "resolved": "http://registry.npm.baidu-int.com/tiny-lru/-/tiny-lru-7.0.6.tgz",
      "integrity": "sha1-sMPN7eHliCqi0a4hyyzszyozHyQ=",
      "dev": true
    },
    "uri-js": {
      "version": "4.4.1",
      "resolved": "http://registry.npm.baidu-int.com/uri-js/-/uri-js-4.4.1.tgz",
      "integrity": "sha1-mxpSWVIlhZ5V9mnZKPiMbFfyp34=",
      "dev": true,
      "requires": {
        "punycode": "^2.1.0"
      }
    },
    "util-deprecate": {
      "version": "1.0.2",
      "resolved": "http://registry.npm.baidu-int.com/util-deprecate/-/util-deprecate-1.0.2.tgz",
      "integrity": "sha1-RQ1Nyfpw3nMnYvvS1KKJgUGaDM8=",
      "dev": true
    },
    "yallist": {
      "version": "4.0.0",
      "resolved": "http://registry.npm.baidu-int.com/yallist/-/yallist-4.0.0.tgz",
      "integrity": "sha512-3wdGidZyq5PB084XLES5TpOSRA3wjXAlIWMhum2kRcv/41Sn2emQ0dycQW4uZXLejwKvg6EsvbdlVL+FYEct7A==",
      "dev": true
    }
  }
}
